{
  "lockfileVersion": 1,
  "configVersion": 1,
  "workspaces": {
    "": {
      "name": "resource-ms",
      "dependencies": {
        "hono": "^4.11.4",
        "jose": "^5.9.6",
      },
      "devDependencies": {
        "@types/node": "^20.11.17",
        "typescript": "^5.8.3",
      },
    },
  },
  "packages": {
    "@types/node": ["@types/node@20.19.33", "", { "dependencies": { "undici-types": "~6.21.0" } }, "sha512-Rs1bVAIdBs5gbTIKza/tgpMuG1k3U/UMJLWecIMxNdJFDMzcM5LOiLVRYh3PilWEYDIeUDv7bpiHPLPsbydGcw=="],

    "hono": ["hono@4.11.9", "", {}, "sha512-Eaw2YTGM6WOxA6CXbckaEvslr2Ne4NFsKrvc0v97JD5awbmeBLO5w9Ho9L9kmKonrwF9RJlW6BxT1PVv/agBHQ=="],

    "jose": ["jose@5.10.0", "", {}, "sha512-s+3Al/p9g32Iq+oqXxkW//7jk2Vig6FF1CFqzVXoTUXt2qz89YWbL+OwS17NFYEvxC35n0FKeGO2LGYSxeM2Gg=="],

    "typescript": ["typescript@5.9.3", "", { "bin": { "tsc": "bin/tsc", "tsserver": "bin/tsserver" } }, "sha512-jl1vZzPDinLr9eUt3J/t7V6FgNEw9QjvBPdysz9KfQDD41fQrC2Y4vKQdiaUpFT4bXlb1RHhLpp8wtm6M5TgSw=="],

    "undici-types": ["undici-types@6.21.0", "", {}, "sha512-iwDZqg0QAGrg9Rav5H4n0M64c3mkR59cJ6wQp+7C4nI0gsmExaedaYLNO44eT4AtBBwjbTiGPMlt2Md0T9H9JQ=="],
  }
}
